// !$*UTF8*$!
{
	archiveVersion = 1;
	classes = {
	};
	objectVersion = 56;
	objects = {

/* Begin PBXBuildFile section */
		19DFC0C729E05D8800EECECC /* BodyFuelAdvisorApp.swift in Sources */ = {isa = PBXBuildFile; fileRef = 19DFC0C629E05D8800EECECC /* BodyFuelAdvisorApp.swift */; };
		19DFC0C929E05D8800EECECC /* ContentView.swift in Sources */ = {isa = PBXBuildFile; fileRef = 19DFC0C829E05D8800EECECC /* ContentView.swift */; };
		19DFC0CB29E05D8900EECECC /* Assets.xcassets in Resources */ = {isa = PBXBuildFile; fileRef = 19DFC0CA29E05D8900EECECC /* Assets.xcassets */; };
		19DFC0CE29E05D8900EECECC /* Preview Assets.xcassets in Resources */ = {isa = PBXBuildFile; fileRef = 19DFC0CD29E05D8900EECECC /* Preview Assets.xcassets */; };
		19DFC0D329E05D8900EECECC /* BodyFuelAdvisor.xcdatamodeld in Sources */ = {isa = PBXBuildFile; fileRef = 19DFC0D129E05D8900EECECC /* BodyFuelAdvisor.xcdatamodeld */; };
		19DFC0DD29E05D8900EECECC /* BodyFuelAdvisorTests.swift in Sources */ = {isa = PBXBuildFile; fileRef = 19DFC0DC29E05D8900EECECC /* BodyFuelAdvisorTests.swift */; };
		19DFC0E729E05D8900EECECC /* BodyFuelAdvisorUITests.swift in Sources */ = {isa = PBXBuildFile; fileRef = 19DFC0E629E05D8900EECECC /* BodyFuelAdvisorUITests.swift */; };
		19DFC0E929E05D8900EECECC /* BodyFuelAdvisorUITestsLaunchTests.swift in Sources */ = {isa = PBXBuildFile; fileRef = 19DFC0E829E05D8900EECECC /* BodyFuelAdvisorUITestsLaunchTests.swift */; };
		19DFC0F929E1AE9300EECECC /* .gitignore in Resources */ = {isa = PBXBuildFile; fileRef = 19DFC0F829E1AE9300EECECC /* .gitignore */; };
		19DFC0FA29E1AE9300EECECC /* .gitignore in Resources */ = {isa = PBXBuildFile; fileRef = 19DFC0F829E1AE9300EECECC /* .gitignore */; };
		19DFC0FB29E1AE9300EECECC /* .gitignore in Resources */ = {isa = PBXBuildFile; fileRef = 19DFC0F829E1AE9300EECECC /* .gitignore */; };
		19DFC0FD29E1B0EC00EECECC /* ChatGPTAPI.swift in Sources */ = {isa = PBXBuildFile; fileRef = 19DFC0FC29E1B0EC00EECECC /* ChatGPTAPI.swift */; };
		19DFC0FE29E1B0EC00EECECC /* ChatGPTAPI.swift in Sources */ = {isa = PBXBuildFile; fileRef = 19DFC0FC29E1B0EC00EECECC /* ChatGPTAPI.swift */; };
		19DFC0FF29E1B0EC00EECECC /* ChatGPTAPI.swift in Sources */ = {isa = PBXBuildFile; fileRef = 19DFC0FC29E1B0EC00EECECC /* ChatGPTAPI.swift */; };
/* End PBXBuildFile section */

/* Begin PBXContainerItemProxy section */
		19DFC0D929E05D8900EECECC /* PBXContainerItemProxy */ = {
			isa = PBXContainerItemProxy;
			containerPortal = 19DFC0BB29E05D8800EECECC /* Project object */;
			proxyType = 1;
			remoteGlobalIDString = 19DFC0C229E05D8800EECECC;
			remoteInfo = BodyFuelAdvisor;
		};
		19DFC0E329E05D8900EECECC /* PBXContainerItemProxy */ = {
			isa = PBXContainerItemProxy;
			containerPortal = 19DFC0BB29E05D8800EECECC /* Project object */;
			proxyType = 1;
			remoteGlobalIDString = 19DFC0C229E05D8800EECECC;
			remoteInfo = BodyFuelAdvisor;
		};
/* End PBXContainerItemProxy section */

/* Begin PBXFileReference section */
		19DFC0C329E05D8800EECECC /* BodyFuelAdvisor.app */ = {isa = PBXFileReference; explicitFileType = wrapper.application; includeInIndex = 0; path = BodyFuelAdvisor.app; sourceTree = BUILT_PRODUCTS_DIR; };
		19DFC0C629E05D8800EECECC /* BodyFuelAdvisorApp.swift */ = {isa = PBXFileReference; lastKnownFileType = sourcecode.swift; path = BodyFuelAdvisorApp.swift; sourceTree = "<group>"; };
		19DFC0C829E05D8800EECECC /* ContentView.swift */ = {isa = PBXFileReference; lastKnownFileType = sourcecode.swift; path = ContentView.swift; sourceTree = "<group>"; };
		19DFC0CA29E05D8900EECECC /* Assets.xcassets */ = {isa = PBXFileReference; lastKnownFileType = folder.assetcatalog; path = Assets.xcassets; sourceTree = "<group>"; };
		19DFC0CD29E05D8900EECECC /* Preview Assets.xcassets */ = {isa = PBXFileReference; lastKnownFileType = folder.assetcatalog; path = "Preview Assets.xcassets"; sourceTree = "<group>"; };
		19DFC0D229E05D8900EECECC /* BodyFuelAdvisor.xcdatamodel */ = {isa = PBXFileReference; lastKnownFileType = wrapper.xcdatamodel; path = BodyFuelAdvisor.xcdatamodel; sourceTree = "<group>"; };
		19DFC0D829E05D8900EECECC /* BodyFuelAdvisorTests.xctest */ = {isa = PBXFileReference; explicitFileType = wrapper.cfbundle; includeInIndex = 0; path = BodyFuelAdvisorTests.xctest; sourceTree = BUILT_PRODUCTS_DIR; };
		19DFC0DC29E05D8900EECECC /* BodyFuelAdvisorTests.swift */ = {isa = PBXFileReference; lastKnownFileType = sourcecode.swift; path = BodyFuelAdvisorTests.swift; sourceTree = "<group>"; };
		19DFC0E229E05D8900EECECC /* BodyFuelAdvisorUITests.xctest */ = {isa = PBXFileReference; explicitFileType = wrapper.cfbundle; includeInIndex = 0; path = BodyFuelAdvisorUITests.xctest; sourceTree = BUILT_PRODUCTS_DIR; };
		19DFC0E629E05D8900EECECC /* BodyFuelAdvisorUITests.swift */ = {isa = PBXFileReference; lastKnownFileType = sourcecode.swift; path = BodyFuelAdvisorUITests.swift; sourceTree = "<group>"; };
		19DFC0E829E05D8900EECECC /* BodyFuelAdvisorUITestsLaunchTests.swift */ = {isa = PBXFileReference; lastKnownFileType = sourcecode.swift; path = BodyFuelAdvisorUITestsLaunchTests.swift; sourceTree = "<group>"; };
		19DFC0F729E1AB1800EECECC /* Secrets.xcconfig */ = {isa = PBXFileReference; lastKnownFileType = text.xcconfig; path = Secrets.xcconfig; sourceTree = "<group>"; };
		19DFC0F829E1AE9300EECECC /* .gitignore */ = {isa = PBXFileReference; lastKnownFileType = text; path = .gitignore; sourceTree = "<group>"; };
		19DFC0FC29E1B0EC00EECECC /* ChatGPTAPI.swift */ = {isa = PBXFileReference; lastKnownFileType = sourcecode.swift; path = ChatGPTAPI.swift; sourceTree = "<group>"; };
/* End PBXFileReference section */

/* Begin PBXFrameworksBuildPhase section */
		19DFC0C029E05D8800EECECC /* Frameworks */ = {
			isa = PBXFrameworksBuildPhase;
			buildActionMask = 2147483647;
			files = (
			);
			runOnlyForDeploymentPostprocessing = 0;
		};
		19DFC0D529E05D8900EECECC /* Frameworks */ = {
			isa = PBXFrameworksBuildPhase;
			buildActionMask = 2147483647;
			files = (
			);
			runOnlyForDeploymentPostprocessing = 0;
		};
		19DFC0DF29E05D8900EECECC /* Frameworks */ = {
			isa = PBXFrameworksBuildPhase;
			buildActionMask = 2147483647;
			files = (
			);
			runOnlyForDeploymentPostprocessing = 0;
		};
/* End PBXFrameworksBuildPhase section */

/* Begin PBXGroup section */
		19DFC0BA29E05D8800EECECC = {
			isa = PBXGroup;
			children = (
				19DFC0F829E1AE9300EECECC /* .gitignore */,
				19DFC0F729E1AB1800EECECC /* Secrets.xcconfig */,
				19DFC0C529E05D8800EECECC /* BodyFuelAdvisor */,
				19DFC0DB29E05D8900EECECC /* BodyFuelAdvisorTests */,
				19DFC0E529E05D8900EECECC /* BodyFuelAdvisorUITests */,
				19DFC0C429E05D8800EECECC /* Products */,
			);
			sourceTree = "<group>";
		};
		19DFC0C429E05D8800EECECC /* Products */ = {
			isa = PBXGroup;
			children = (
				19DFC0C329E05D8800EECECC /* BodyFuelAdvisor.app */,
				19DFC0D829E05D8900EECECC /* BodyFuelAdvisorTests.xctest */,
				19DFC0E229E05D8900EECECC /* BodyFuelAdvisorUITests.xctest */,
			);
			name = Products;
			sourceTree = "<group>";
		};
		19DFC0C529E05D8800EECECC /* BodyFuelAdvisor */ = {
			isa = PBXGroup;
			children = (
				19DFC0C629E05D8800EECECC /* BodyFuelAdvisorApp.swift */,
				19DFC0C829E05D8800EECECC /* ContentView.swift */,
				19DFC0CA29E05D8900EECECC /* Assets.xcassets */,
				19DFC0D129E05D8900EECECC /* BodyFuelAdvisor.xcdatamodeld */,
				19DFC0CC29E05D8900EECECC /* Preview Content */,
				19DFC0FC29E1B0EC00EECECC /* ChatGPTAPI.swift */,
			);
			path = BodyFuelAdvisor;
			sourceTree = "<group>";
		};
		19DFC0CC29E05D8900EECECC /* Preview Content */ = {
			isa = PBXGroup;
			children = (
				19DFC0CD29E05D8900EECECC /* Preview Assets.xcassets */,
			);
			path = "Preview Content";
			sourceTree = "<group>";
		};
		19DFC0DB29E05D8900EECECC /* BodyFuelAdvisorTests */ = {
			isa = PBXGroup;
			children = (
				19DFC0DC29E05D8900EECECC /* BodyFuelAdvisorTests.swift */,
			);
			path = BodyFuelAdvisorTests;
			sourceTree = "<group>";
		};
		19DFC0E529E05D8900EECECC /* BodyFuelAdvisorUITests */ = {
			isa = PBXGroup;
			children = (
				19DFC0E629E05D8900EECECC /* BodyFuelAdvisorUITests.swift */,
				19DFC0E829E05D8900EECECC /* BodyFuelAdvisorUITestsLaunchTests.swift */,
			);
			path = BodyFuelAdvisorUITests;
			sourceTree = "<group>";
		};
/* End PBXGroup section */

/* Begin PBXNativeTarget section */
		19DFC0C229E05D8800EECECC /* BodyFuelAdvisor */ = {
			isa = PBXNativeTarget;
			buildConfigurationList = 19DFC0EC29E05D8900EECECC /* Build configuration list for PBXNativeTarget "BodyFuelAdvisor" */;
			buildPhases = (
				19DFC0BF29E05D8800EECECC /* Sources */,
				19DFC0C029E05D8800EECECC /* Frameworks */,
				19DFC0C129E05D8800EECECC /* Resources */,
			);
			buildRules = (
			);
			dependencies = (
			);
			name = BodyFuelAdvisor;
			productName = BodyFuelAdvisor;
			productReference = 19DFC0C329E05D8800EECECC /* BodyFuelAdvisor.app */;
			productType = "com.apple.product-type.application";
		};
		19DFC0D729E05D8900EECECC /* BodyFuelAdvisorTests */ = {
			isa = PBXNativeTarget;
			buildConfigurationList = 19DFC0EF29E05D8900EECECC /* Build configuration list for PBXNativeTarget "BodyFuelAdvisorTests" */;
			buildPhases = (
				19DFC0D429E05D8900EECECC /* Sources */,
				19DFC0D529E05D8900EECECC /* Frameworks */,
				19DFC0D629E05D8900EECECC /* Resources */,
			);
			buildRules = (
			);
			dependencies = (
				19DFC0DA29E05D8900EECECC /* PBXTargetDependency */,
			);
			name = BodyFuelAdvisorTests;
			productName = BodyFuelAdvisorTests;
			productReference = 19DFC0D829E05D8900EECECC /* BodyFuelAdvisorTests.xctest */;
			productType = "com.apple.product-type.bundle.unit-test";
		};
		19DFC0E129E05D8900EECECC /* BodyFuelAdvisorUITests */ = {
			isa = PBXNativeTarget;
			buildConfigurationList = 19DFC0F229E05D8900EECECC /* Build configuration list for PBXNativeTarget "BodyFuelAdvisorUITests" */;
			buildPhases = (
				19DFC0DE29E05D8900EECECC /* Sources */,
				19DFC0DF29E05D8900EECECC /* Frameworks */,
				19DFC0E029E05D8900EECECC /* Resources */,
			);
			buildRules = (
			);
			dependencies = (
				19DFC0E429E05D8900EECECC /* PBXTargetDependency */,
			);
			name = BodyFuelAdvisorUITests;
			productName = BodyFuelAdvisorUITests;
			productReference = 19DFC0E229E05D8900EECECC /* BodyFuelAdvisorUITests.xctest */;
			productType = "com.apple.product-type.bundle.ui-testing";
		};
/* End PBXNativeTarget section */

/* Begin PBXProject section */
		19DFC0BB29E05D8800EECECC /* Project object */ = {
			isa = PBXProject;
			attributes = {
				BuildIndependentTargetsInParallel = 1;
				LastSwiftUpdateCheck = 1430;
				LastUpgradeCheck = 1430;
				TargetAttributes = {
					19DFC0C229E05D8800EECECC = {
						CreatedOnToolsVersion = 14.3;
					};
					19DFC0D729E05D8900EECECC = {
						CreatedOnToolsVersion = 14.3;
						TestTargetID = 19DFC0C229E05D8800EECECC;
					};
					19DFC0E129E05D8900EECECC = {
						CreatedOnToolsVersion = 14.3;
						TestTargetID = 19DFC0C229E05D8800EECECC;
					};
				};
			};
			buildConfigurationList = 19DFC0BE29E05D8800EECECC /* Build configuration list for PBXProject "BodyFuelAdvisor" */;
			compatibilityVersion = "Xcode 14.0";
			developmentRegion = en;
			hasScannedForEncodings = 0;
			knownRegions = (
				en,
				Base,
			);
			mainGroup = 19DFC0BA29E05D8800EECECC;
			productRefGroup = 19DFC0C429E05D8800EECECC /* Products */;
			projectDirPath = "";
			projectRoot = "";
			targets = (
				19DFC0C229E05D8800EECECC /* BodyFuelAdvisor */,
				19DFC0D729E05D8900EECECC /* BodyFuelAdvisorTests */,
				19DFC0E129E05D8900EECECC /* BodyFuelAdvisorUITests */,
			);
		};
/* End PBXProject section */

/* Begin PBXResourcesBuildPhase section */
		19DFC0C129E05D8800EECECC /* Resources */ = {
			isa = PBXResourcesBuildPhase;
			buildActionMask = 2147483647;
			files = (
				19DFC0CE29E05D8900EECECC /* Preview Assets.xcassets in Resources */,
				19DFC0F929E1AE9300EECECC /* .gitignore in Resources */,
				19DFC0CB29E05D8900EECECC /* Assets.xcassets in Resources */,
			);
			runOnlyForDeploymentPostprocessing = 0;
		};
		19DFC0D629E05D8900EECECC /* Resources */ = {
			isa = PBXResourcesBuildPhase;
			buildActionMask = 2147483647;
			files = (
				19DFC0FA29E1AE9300EECECC /* .gitignore in Resources */,
			);
			runOnlyForDeploymentPostprocessing = 0;
		};
		19DFC0E029E05D8900EECECC /* Resources */ = {
			isa = PBXResourcesBuildPhase;
			buildActionMask = 2147483647;
			files = (
				19DFC0FB29E1AE9300EECECC /* .gitignore in Resources */,
			);
			runOnlyForDeploymentPostprocessing = 0;
		};
/* End PBXResourcesBuildPhase section */

/* Begin PBXSourcesBuildPhase section */
		19DFC0BF29E05D8800EECECC /* Sources */ = {
			isa = PBXSourcesBuildPhase;
			buildActionMask = 2147483647;
			files = (
				19DFC0C929E05D8800EECECC /* ContentView.swift in Sources */,
				19DFC0D329E05D8900EECECC /* BodyFuelAdvisor.xcdatamodeld in Sources */,
				19DFC0C729E05D8800EECECC /* BodyFuelAdvisorApp.swift in Sources */,
				19DFC0FD29E1B0EC00EECECC /* ChatGPTAPI.swift in Sources */,
			);
			runOnlyForDeploymentPostprocessing = 0;
		};
		19DFC0D429E05D8900EECECC /* Sources */ = {
			isa = PBXSourcesBuildPhase;
			buildActionMask = 2147483647;
			files = (
				19DFC0FE29E1B0EC00EECECC /* ChatGPTAPI.swift in Sources */,
				19DFC0DD29E05D8900EECECC /* BodyFuelAdvisorTests.swift in Sources */,
			);
			runOnlyForDeploymentPostprocessing = 0;
		};
		19DFC0DE29E05D8900EECECC /* Sources */ = {
			isa = PBXSourcesBuildPhase;
			buildActionMask = 2147483647;
			files = (
				19DFC0FF29E1B0EC00EECECC /* ChatGPTAPI.swift in Sources */,
				19DFC0E729E05D8900EECECC /* BodyFuelAdvisorUITests.swift in Sources */,
				19DFC0E929E05D8900EECECC /* BodyFuelAdvisorUITestsLaunchTests.swift in Sources */,
			);
			runOnlyForDeploymentPostprocessing = 0;
		};
/* End PBXSourcesBuildPhase section */

/* Begin PBXTargetDependency section */
		19DFC0DA29E05D8900EECECC /* PBXTargetDependency */ = {
			isa = PBXTargetDependency;
			target = 19DFC0C229E05D8800EECECC /* BodyFuelAdvisor */;
			targetProxy = 19DFC0D929E05D8900EECECC /* PBXContainerItemProxy */;
		};
		19DFC0E429E05D8900EECECC /* PBXTargetDependency */ = {
			isa = PBXTargetDependency;
			target = 19DFC0C229E05D8800EECECC /* BodyFuelAdvisor */;
			targetProxy = 19DFC0E329E05D8900EECECC /* PBXContainerItemProxy */;
		};
/* End PBXTargetDependency section */

/* Begin XCBuildConfiguration section */
		19DFC0EA29E05D8900EECECC /* Debug */ = {
			isa = XCBuildConfiguration;
			baseConfigurationReference = 19DFC0F729E1AB1800EECECC /* Secrets.xcconfig */;
			buildSettings = {
				ALWAYS_SEARCH_USER_PATHS = NO;
				CLANG_ANALYZER_NONNULL = YES;
				CLANG_ANALYZER_NUMBER_OBJECT_CONVERSION = YES_AGGRESSIVE;
				CLANG_CXX_LANGUAGE_STANDARD = "gnu++20";
				CLANG_ENABLE_MODULES = YES;
				CLANG_ENABLE_OBJC_ARC = YES;
				CLANG_ENABLE_OBJC_WEAK = YES;
				CLANG_WARN_BLOCK_CAPTURE_AUTORELEASING = YES;
				CLANG_WARN_BOOL_CONVERSION = YES;
				CLANG_WARN_COMMA = YES;
				CLANG_WARN_CONSTANT_CONVERSION = YES;
				CLANG_WARN_DEPRECATED_OBJC_IMPLEMENTATIONS = YES;
				CLANG_WARN_DIRECT_OBJC_ISA_USAGE = YES_ERROR;
				CLANG_WARN_DOCUMENTATION_COMMENTS = YES;
				CLANG_WARN_EMPTY_BODY = YES;
				CLANG_WARN_ENUM_CONVERSION = YES;
				CLANG_WARN_INFINITE_RECURSION = YES;
				CLANG_WARN_INT_CONVERSION = YES;
				CLANG_WARN_NON_LITERAL_NULL_CONVERSION = YES;
				CLANG_WARN_OBJC_IMPLICIT_RETAIN_SELF = YES;
				CLANG_WARN_OBJC_LITERAL_CONVERSION = YES;
				CLANG_WARN_OBJC_ROOT_CLASS = YES_ERROR;
				CLANG_WARN_QUOTED_INCLUDE_IN_FRAMEWORK_HEADER = YES;
				CLANG_WARN_RANGE_LOOP_ANALYSIS = YES;
				CLANG_WARN_STRICT_PROTOTYPES = YES;
				CLANG_WARN_SUSPICIOUS_MOVE = YES;
				CLANG_WARN_UNGUARDED_AVAILABILITY = YES_AGGRESSIVE;
				CLANG_WARN_UNREACHABLE_CODE = YES;
				CLANG_WARN__DUPLICATE_METHOD_MATCH = YES;
				COPY_PHASE_STRIP = NO;
				DEBUG_INFORMATION_FORMAT = dwarf;
				ENABLE_STRICT_OBJC_MSGSEND = YES;
				ENABLE_TESTABILITY = YES;
				GCC_C_LANGUAGE_STANDARD = gnu11;
				GCC_DYNAMIC_NO_PIC = NO;
				GCC_NO_COMMON_BLOCKS = YES;
				GCC_OPTIMIZATION_LEVEL = 0;
				GCC_PREPROCESSOR_DEFINITIONS = (
					"DEBUG=1",
					"$(inherited)",
				);
				GCC_WARN_64_TO_32_BIT_CONVERSION = YES;
				GCC_WARN_ABOUT_RETURN_TYPE = YES_ERROR;
				GCC_WARN_UNDECLARED_SELECTOR = YES;
				GCC_WARN_UNINITIALIZED_AUTOS = YES_AGGRESSIVE;
				GCC_WARN_UNUSED_FUNCTION = YES;
				GCC_WARN_UNUSED_VARIABLE = YES;
				IPHONEOS_DEPLOYMENT_TARGET = 16.4;
				MTL_ENABLE_DEBUG_INFO = INCLUDE_SOURCE;
				MTL_FAST_MATH = YES;
				ONLY_ACTIVE_ARCH = YES;
				SDKROOT = iphoneos;
				SWIFT_ACTIVE_COMPILATION_CONDITIONS = DEBUG;
				SWIFT_OPTIMIZATION_LEVEL = "-Onone";
			};
			name = Debug;
		};
		19DFC0EB29E05D8900EECECC /* Release */ = {
			isa = XCBuildConfiguration;
			baseConfigurationReference = 19DFC0F729E1AB1800EECECC /* Secrets.xcconfig */;
			buildSettings = {
				ALWAYS_SEARCH_USER_PATHS = NO;
				CLANG_ANALYZER_NONNULL = YES;
				CLANG_ANALYZER_NUMBER_OBJECT_CONVERSION = YES_AGGRESSIVE;
				CLANG_CXX_LANGUAGE_STANDARD = "gnu++20";
				CLANG_ENABLE_MODULES = YES;
				CLANG_ENABLE_OBJC_ARC = YES;
				CLANG_ENABLE_OBJC_WEAK = YES;
				CLANG_WARN_BLOCK_CAPTURE_AUTORELEASING = YES;
				CLANG_WARN_BOOL_CONVERSION = YES;
				CLANG_WARN_COMMA = YES;
				CLANG_WARN_CONSTANT_CONVERSION = YES;
				CLANG_WARN_DEPRECATED_OBJC_IMPLEMENTATIONS = YES;
				CLANG_WARN_DIRECT_OBJC_ISA_USAGE = YES_ERROR;
				CLANG_WARN_DOCUMENTATION_COMMENTS = YES;
				CLANG_WARN_EMPTY_BODY = YES;
				CLANG_WARN_ENUM_CONVERSION = YES;
				CLANG_WARN_INFINITE_RECURSION = YES;
				CLANG_WARN_INT_CONVERSION = YES;
				CLANG_WARN_NON_LITERAL_NULL_CONVERSION = YES;
				CLANG_WARN_OBJC_IMPLICIT_RETAIN_SELF = YES;
				CLANG_WARN_OBJC_LITERAL_CONVERSION = YES;
				CLANG_WARN_OBJC_ROOT_CLASS = YES_ERROR;
				CLANG_WARN_QUOTED_INCLUDE_IN_FRAMEWORK_HEADER = YES;
				CLANG_WARN_RANGE_LOOP_ANALYSIS = YES;
				CLANG_WARN_STRICT_PROTOTYPES = YES;
				CLANG_WARN_SUSPICIOUS_MOVE = YES;
				CLANG_WARN_UNGUARDED_AVAILABILITY = YES_AGGRESSIVE;
				CLANG_WARN_UNREACHABLE_CODE = YES;
				CLANG_WARN__DUPLICATE_METHOD_MATCH = YES;
				COPY_PHASE_STRIP = NO;
				DEBUG_INFORMATION_FORMAT = "dwarf-with-dsym";
				ENABLE_NS_ASSERTIONS = NO;
				ENABLE_STRICT_OBJC_MSGSEND = YES;
				GCC_C_LANGUAGE_STANDARD = gnu11;
				GCC_NO_COMMON_BLOCKS = YES;
				GCC_WARN_64_TO_32_BIT_CONVERSION = YES;
				GCC_WARN_ABOUT_RETURN_TYPE = YES_ERROR;
				GCC_WARN_UNDECLARED_SELECTOR = YES;
				GCC_WARN_UNINITIALIZED_AUTOS = YES_AGGRESSIVE;
				GCC_WARN_UNUSED_FUNCTION = YES;
				GCC_WARN_UNUSED_VARIABLE = YES;
				IPHONEOS_DEPLOYMENT_TARGET = 16.4;
				MTL_ENABLE_DEBUG_INFO = NO;
				MTL_FAST_MATH = YES;
				SDKROOT = iphoneos;
				SWIFT_COMPILATION_MODE = wholemodule;
				SWIFT_OPTIMIZATION_LEVEL = "-O";
				VALIDATE_PRODUCT = YES;
			};
			name = Release;
		};
		19DFC0ED29E05D8900EECECC /* Debug */ = {
			isa = XCBuildConfiguration;
			baseConfigurationReference = 19DFC0F729E1AB1800EECECC /* Secrets.xcconfig */;
			buildSettings = {
				ASSETCATALOG_COMPILER_APPICON_NAME = AppIcon;
				ASSETCATALOG_COMPILER_GLOBAL_ACCENT_COLOR_NAME = AccentColor;
				CODE_SIGN_STYLE = Automatic;
				CURRENT_PROJECT_VERSION = 1;
				DEVELOPMENT_ASSET_PATHS = "\"BodyFuelAdvisor/Preview Content\"";
				DEVELOPMENT_TEAM = A7Z7D65269;
				ENABLE_PREVIEWS = YES;
				GENERATE_INFOPLIST_FILE = YES;
				INFOPLIST_KEY_UIApplicationSceneManifest_Generation = YES;
				INFOPLIST_KEY_UIApplicationSupportsIndirectInputEvents = YES;
				INFOPLIST_KEY_UILaunchScreen_Generation = YES;
				INFOPLIST_KEY_UISupportedInterfaceOrientations_iPad = "UIInterfaceOrientationPortrait UIInterfaceOrientationPortraitUpsideDown UIInterfaceOrientationLandscapeLeft UIInterfaceOrientationLandscapeRight";
				INFOPLIST_KEY_UISupportedInterfaceOrientations_iPhone = "UIInterfaceOrientationPortrait UIInterfaceOrientationLandscapeLeft UIInterfaceOrientationLandscapeRight";
				LD_RUNPATH_SEARCH_PATHS = (
					"$(inherited)",
					"@executable_path/Frameworks",
				);
				MARKETING_VERSION = 1.0;
				PRODUCT_BUNDLE_IDENTIFIER = hiroyuki.BodyFuelAdvisor;
				PRODUCT_NAME = "$(TARGET_NAME)";
				SWIFT_EMIT_LOC_STRINGS = YES;
				SWIFT_VERSION = 5.0;
				TARGETED_DEVICE_FAMILY = "1,2";
			};
			name = Debug;
		};
		19DFC0EE29E05D8900EECECC /* Release */ = {
			isa = XCBuildConfiguration;
			baseConfigurationReference = 19DFC0F729E1AB1800EECECC /* Secrets.xcconfig */;
			buildSettings = {
				ASSETCATALOG_COMPILER_APPICON_NAME = AppIcon;
				ASSETCATALOG_COMPILER_GLOBAL_ACCENT_COLOR_NAME = AccentColor;
				CODE_SIGN_STYLE = Automatic;
				CURRENT_PROJECT_VERSION = 1;
				DEVELOPMENT_ASSET_PATHS = "\"BodyFuelAdvisor/Preview Content\"";
				DEVELOPMENT_TEAM = A7Z7D65269;
				ENABLE_PREVIEWS = YES;
				GENERATE_INFOPLIST_FILE = YES;
				INFOPLIST_KEY_UIApplicationSceneManifest_Generation = YES;
				INFOPLIST_KEY_UIApplicationSupportsIndirectInputEvents = YES;
				INFOPLIST_KEY_UILaunchScreen_Generation = YES;
				INFOPLIST_KEY_UISupportedInterfaceOrientations_iPad = "UIInterfaceOrientationPortrait UIInterfaceOrientationPortraitUpsideDown UIInterfaceOrientationLandscapeLeft UIInterfaceOrientationLandscapeRight";
				INFOPLIST_KEY_UISupportedInterfaceOrientations_iPhone = "UIInterfaceOrientationPortrait UIInterfaceOrientationLandscapeLeft UIInterfaceOrientationLandscapeRight";
				LD_RUNPATH_SEARCH_PATHS = (
					"$(inherited)",
					"@executable_path/Frameworks",
				);
				MARKETING_VERSION = 1.0;
				PRODUCT_BUNDLE_IDENTIFIER = hiroyuki.BodyFuelAdvisor;
				PRODUCT_NAME = "$(TARGET_NAME)";
				SWIFT_EMIT_LOC_STRINGS = YES;
				SWIFT_VERSION = 5.0;
				TARGETED_DEVICE_FAMILY = "1,2";
			};
			name = Release;
		};
		19DFC0F029E05D8900EECECC /* Debug */ = {
			isa = XCBuildConfiguration;
			buildSettings = {
				ALWAYS_EMBED_SWIFT_STANDARD_LIBRARIES = YES;
				BUNDLE_LOADER = "$(TEST_HOST)";
				CODE_SIGN_STYLE = Automatic;
				CURRENT_PROJECT_VERSION = 1;
				DEVELOPMENT_TEAM = A7Z7D65269;
				GENERATE_INFOPLIST_FILE = YES;
				IPHONEOS_DEPLOYMENT_TARGET = 16.4;
				MARKETING_VERSION = 1.0;
				PRODUCT_BUNDLE_IDENTIFIER = hiroyuki.BodyFuelAdvisorTests;
				PRODUCT_NAME = "$(TARGET_NAME)";
				SWIFT_EMIT_LOC_STRINGS = NO;
				SWIFT_VERSION = 5.0;
				TARGETED_DEVICE_FAMILY = "1,2";
				TEST_HOST = "$(BUILT_PRODUCTS_DIR)/BodyFuelAdvisor.app/$(BUNDLE_EXECUTABLE_FOLDER_PATH)/BodyFuelAdvisor";
			};
			name = Debug;
		};
		19DFC0F129E05D8900EECECC /* Release */ = {
			isa = XCBuildConfiguration;
			buildSettings = {
				ALWAYS_EMBED_SWIFT_STANDARD_LIBRARIES = YES;
				BUNDLE_LOADER = "$(TEST_HOST)";
				CODE_SIGN_STYLE = Automatic;
				CURRENT_PROJECT_VERSION = 1;
				DEVELOPMENT_TEAM = A7Z7D65269;
				GENERATE_INFOPLIST_FILE = YES;
				IPHONEOS_DEPLOYMENT_TARGET = 16.4;
				MARKETING_VERSION = 1.0;
				PRODUCT_BUNDLE_IDENTIFIER = hiroyuki.BodyFuelAdvisorTests;
				PRODUCT_NAME = "$(TARGET_NAME)";
				SWIFT_EMIT_LOC_STRINGS = NO;
				SWIFT_VERSION = 5.0;
				TARGETED_DEVICE_FAMILY = "1,2";
				TEST_HOST = "$(BUILT_PRODUCTS_DIR)/BodyFuelAdvisor.app/$(BUNDLE_EXECUTABLE_FOLDER_PATH)/BodyFuelAdvisor";
			};
			name = Release;
		};
		19DFC0F329E05D8900EECECC /* Debug */ = {
			isa = XCBuildConfiguration;
			buildSettings = {
				ALWAYS_EMBED_SWIFT_STANDARD_LIBRARIES = YES;
				CODE_SIGN_STYLE = Automatic;
				CURRENT_PROJECT_VERSION = 1;
				DEVELOPMENT_TEAM = A7Z7D65269;
				GENERATE_INFOPLIST_FILE = YES;
				MARKETING_VERSION = 1.0;
				PRODUCT_BUNDLE_IDENTIFIER = hiroyuki.BodyFuelAdvisorUITests;
				PRODUCT_NAME = "$(TARGET_NAME)";
				SWIFT_EMIT_LOC_STRINGS = NO;
				SWIFT_VERSION = 5.0;
				TARGETED_DEVICE_FAMILY = "1,2";
				TEST_TARGET_NAME = BodyFuelAdvisor;
			};
			name = Debug;
		};
		19DFC0F429E05D8900EECECC /* Release */ = {
			isa = XCBuildConfiguration;
			buildSettings = {
				ALWAYS_EMBED_SWIFT_STANDARD_LIBRARIES = YES;
				CODE_SIGN_STYLE = Automatic;
				CURRENT_PROJECT_VERSION = 1;
				DEVELOPMENT_TEAM = A7Z7D65269;
				GENERATE_INFOPLIST_FILE = YES;
				MARKETING_VERSION = 1.0;
				PRODUCT_BUNDLE_IDENTIFIER = hiroyuki.BodyFuelAdvisorUITests;
				PRODUCT_NAME = "$(TARGET_NAME)";
				SWIFT_EMIT_LOC_STRINGS = NO;
				SWIFT_VERSION = 5.0;
				TARGETED_DEVICE_FAMILY = "1,2";
				TEST_TARGET_NAME = BodyFuelAdvisor;
			};
			name = Release;
		};
/* End XCBuildConfiguration section */

/* Begin XCConfigurationList section */
		19DFC0BE29E05D8800EECECC /* Build configuration list for PBXProject "BodyFuelAdvisor" */ = {
			isa = XCConfigurationList;
			buildConfigurations = (
				19DFC0EA29E05D8900EECECC /* Debug */,
				19DFC0EB29E05D8900EECECC /* Release */,
			);
			defaultConfigurationIsVisible = 0;
			defaultConfigurationName = Release;
		};
		19DFC0EC29E05D8900EECECC /* Build configuration list for PBXNativeTarget "BodyFuelAdvisor" */ = {
			isa = XCConfigurationList;
			buildConfigurations = (
				19DFC0ED29E05D8900EECECC /* Debug */,
				19DFC0EE29E05D8900EECECC /* Release */,
			);
			defaultConfigurationIsVisible = 0;
			defaultConfigurationName = Release;
		};
		19DFC0EF29E05D8900EECECC /* Build configuration list for PBXNativeTarget "BodyFuelAdvisorTests" */ = {
			isa = XCConfigurationList;
			buildConfigurations = (
				19DFC0F029E05D8900EECECC /* Debug */,
				19DFC0F129E05D8900EECECC /* Release */,
			);
			defaultConfigurationIsVisible = 0;
			defaultConfigurationName = Release;
		};
		19DFC0F229E05D8900EECECC /* Build configuration list for PBXNativeTarget "BodyFuelAdvisorUITests" */ = {
			isa = XCConfigurationList;
			buildConfigurations = (
				19DFC0F329E05D8900EECECC /* Debug */,
				19DFC0F429E05D8900EECECC /* Release */,
			);
			defaultConfigurationIsVisible = 0;
			defaultConfigurationName = Release;
		};
/* End XCConfigurationList section */

/* Begin XCVersionGroup section */
		19DFC0D129E05D8900EECECC /* BodyFuelAdvisor.xcdatamodeld */ = {
			isa = XCVersionGroup;
			children = (
				19DFC0D229E05D8900EECECC /* BodyFuelAdvisor.xcdatamodel */,
			);
			currentVersion = 19DFC0D229E05D8900EECECC /* BodyFuelAdvisor.xcdatamodel */;
			path = BodyFuelAdvisor.xcdatamodeld;
			sourceTree = "<group>";
			versionGroupType = wrapper.xcdatamodel;
		};
/* End XCVersionGroup section */
	};
	rootObject = 19DFC0BB29E05D8800EECECC /* Project object */;
}
